// !$*UTF8*$!
{
	archiveVersion = 1;
	classes = {
	};
	objectVersion = 50;
	objects = {

/* Begin PBXBuildFile section */
		AC0F72BD251F63DB00B4E6F8 /* MoviesLib.xcdatamodeld in Sources */ = {isa = PBXBuildFile; fileRef = AC0F72BA251F63DB00B4E6F8 /* MoviesLib.xcdatamodeld */; };
		AC0F72C1251F83E000B4E6F8 /* MovieFormViewController.swift in Sources */ = {isa = PBXBuildFile; fileRef = AC0F72C0251F83E000B4E6F8 /* MovieFormViewController.swift */; };
		AC0F72C3251F92C300B4E6F8 /* UIViewController+Context.swift in Sources */ = {isa = PBXBuildFile; fileRef = AC0F72C2251F92C200B4E6F8 /* UIViewController+Context.swift */; };
		AC4645B7251D53B500ED0F08 /* movies.json in Resources */ = {isa = PBXBuildFile; fileRef = AC4645B6251D53B500ED0F08 /* movies.json */; };
		AC4645C0251D5C8100ED0F08 /* Movies.swift in Sources */ = {isa = PBXBuildFile; fileRef = AC4645BF251D5C8100ED0F08 /* Movies.swift */; };
		AC4645C4251D719D00ED0F08 /* MoviesTableViewController.swift in Sources */ = {isa = PBXBuildFile; fileRef = AC4645C3251D719D00ED0F08 /* MoviesTableViewController.swift */; };
		AC4645C7251D7AA600ED0F08 /* MovieTableViewCell.swift in Sources */ = {isa = PBXBuildFile; fileRef = AC4645C6251D7AA600ED0F08 /* MovieTableViewCell.swift */; };
		AC4645CA251D7D8900ED0F08 /* Movie+RatingFormatted.swift in Sources */ = {isa = PBXBuildFile; fileRef = AC4645C9251D7D8900ED0F08 /* Movie+RatingFormatted.swift */; };
		ACDA294F251AB3580045C736 /* AppDelegate.swift in Sources */ = {isa = PBXBuildFile; fileRef = ACDA294E251AB3580045C736 /* AppDelegate.swift */; };
		ACDA2953251AB3580045C736 /* MovieViewController.swift in Sources */ = {isa = PBXBuildFile; fileRef = ACDA2952251AB3580045C736 /* MovieViewController.swift */; };
		ACDA2956251AB3580045C736 /* Main.storyboard in Resources */ = {isa = PBXBuildFile; fileRef = ACDA2954251AB3580045C736 /* Main.storyboard */; };
		ACDA2958251AB35F0045C736 /* Assets.xcassets in Resources */ = {isa = PBXBuildFile; fileRef = ACDA2957251AB35F0045C736 /* Assets.xcassets */; };
		ACDA295B251AB35F0045C736 /* LaunchScreen.storyboard in Resources */ = {isa = PBXBuildFile; fileRef = ACDA2959251AB35F0045C736 /* LaunchScreen.storyboard */; };
/* End PBXBuildFile section */

/* Begin PBXFileReference section */
		AC0F72BB251F63DB00B4E6F8 /* MoviesLib.xcdatamodel */ = {isa = PBXFileReference; lastKnownFileType = wrapper.xcdatamodel; path = MoviesLib.xcdatamodel; sourceTree = "<group>"; };
		AC0F72BC251F63DB00B4E6F8 /* Model.xcdatamodel */ = {isa = PBXFileReference; lastKnownFileType = wrapper.xcdatamodel; path = Model.xcdatamodel; sourceTree = "<group>"; };
		AC0F72C0251F83E000B4E6F8 /* MovieFormViewController.swift */ = {isa = PBXFileReference; lastKnownFileType = sourcecode.swift; path = MovieFormViewController.swift; sourceTree = "<group>"; };
		AC0F72C2251F92C200B4E6F8 /* UIViewController+Context.swift */ = {isa = PBXFileReference; lastKnownFileType = sourcecode.swift; path = "UIViewController+Context.swift"; sourceTree = "<group>"; };
		AC4645B6251D53B500ED0F08 /* movies.json */ = {isa = PBXFileReference; fileEncoding = 4; lastKnownFileType = text.json; path = movies.json; sourceTree = "<group>"; };
		AC4645BF251D5C8100ED0F08 /* Movies.swift */ = {isa = PBXFileReference; lastKnownFileType = sourcecode.swift; path = Movies.swift; sourceTree = "<group>"; };
		AC4645C3251D719D00ED0F08 /* MoviesTableViewController.swift */ = {isa = PBXFileReference; lastKnownFileType = sourcecode.swift; path = MoviesTableViewController.swift; sourceTree = "<group>"; };
		AC4645C6251D7AA600ED0F08 /* MovieTableViewCell.swift */ = {isa = PBXFileReference; lastKnownFileType = sourcecode.swift; path = MovieTableViewCell.swift; sourceTree = "<group>"; };
		AC4645C9251D7D8900ED0F08 /* Movie+RatingFormatted.swift */ = {isa = PBXFileReference; lastKnownFileType = sourcecode.swift; path = "Movie+RatingFormatted.swift"; sourceTree = "<group>"; };
		ACDA294B251AB3580045C736 /* MoviesLib.app */ = {isa = PBXFileReference; explicitFileType = wrapper.application; includeInIndex = 0; path = MoviesLib.app; sourceTree = BUILT_PRODUCTS_DIR; };
		ACDA294E251AB3580045C736 /* AppDelegate.swift */ = {isa = PBXFileReference; lastKnownFileType = sourcecode.swift; path = AppDelegate.swift; sourceTree = "<group>"; };
		ACDA2952251AB3580045C736 /* MovieViewController.swift */ = {isa = PBXFileReference; lastKnownFileType = sourcecode.swift; path = MovieViewController.swift; sourceTree = "<group>"; };
		ACDA2955251AB3580045C736 /* Base */ = {isa = PBXFileReference; lastKnownFileType = file.storyboard; name = Base; path = Base.lproj/Main.storyboard; sourceTree = "<group>"; };
		ACDA2957251AB35F0045C736 /* Assets.xcassets */ = {isa = PBXFileReference; lastKnownFileType = folder.assetcatalog; path = Assets.xcassets; sourceTree = "<group>"; };
		ACDA295A251AB35F0045C736 /* Base */ = {isa = PBXFileReference; lastKnownFileType = file.storyboard; name = Base; path = Base.lproj/LaunchScreen.storyboard; sourceTree = "<group>"; };
		ACDA295C251AB35F0045C736 /* Info.plist */ = {isa = PBXFileReference; lastKnownFileType = text.plist.xml; path = Info.plist; sourceTree = "<group>"; };
/* End PBXFileReference section */

/* Begin PBXFrameworksBuildPhase section */
		ACDA2948251AB3580045C736 /* Frameworks */ = {
			isa = PBXFrameworksBuildPhase;
			buildActionMask = 2147483647;
			files = (
			);
			runOnlyForDeploymentPostprocessing = 0;
		};
/* End PBXFrameworksBuildPhase section */

/* Begin PBXGroup section */
		AC0F72BE251F83AC00B4E6F8 /* MovieForm */ = {
			isa = PBXGroup;
			children = (
				AC0F72BF251F83BB00B4E6F8 /* Controller */,
			);
			path = MovieForm;
			sourceTree = "<group>";
		};
		AC0F72BF251F83BB00B4E6F8 /* Controller */ = {
			isa = PBXGroup;
			children = (
				AC0F72C0251F83E000B4E6F8 /* MovieFormViewController.swift */,
			);
			path = Controller;
			sourceTree = "<group>";
		};
		AC4645B9251D556C00ED0F08 /* Files */ = {
			isa = PBXGroup;
			children = (
				AC4645B6251D53B500ED0F08 /* movies.json */,
				AC0F72BA251F63DB00B4E6F8 /* MoviesLib.xcdatamodeld */,
			);
			path = Files;
			sourceTree = "<group>";
		};
		AC4645BA251D557F00ED0F08 /* Main */ = {
			isa = PBXGroup;
			children = (
				ACDA294E251AB3580045C736 /* AppDelegate.swift */,
			);
			path = Main;
			sourceTree = "<group>";
		};
		AC4645BB251D559300ED0F08 /* MovieVisualization */ = {
			isa = PBXGroup;
			children = (
				AC4645BE251D5C5300ED0F08 /* Model */,
				AC4645BC251D55B600ED0F08 /* Controller */,
			);
			path = MovieVisualization;
			sourceTree = "<group>";
		};
		AC4645BC251D55B600ED0F08 /* Controller */ = {
			isa = PBXGroup;
			children = (
				ACDA2952251AB3580045C736 /* MovieViewController.swift */,
			);
			path = Controller;
			sourceTree = "<group>";
		};
		AC4645BD251D560800ED0F08 /* Supporting Files */ = {
			isa = PBXGroup;
			children = (
				ACDA2957251AB35F0045C736 /* Assets.xcassets */,
				ACDA2959251AB35F0045C736 /* LaunchScreen.storyboard */,
				ACDA295C251AB35F0045C736 /* Info.plist */,
			);
			path = "Supporting Files";
			sourceTree = "<group>";
		};
		AC4645BE251D5C5300ED0F08 /* Model */ = {
			isa = PBXGroup;
			children = (
				AC4645BF251D5C8100ED0F08 /* Movies.swift */,
			);
			path = Model;
			sourceTree = "<group>";
		};
		AC4645C1251D712500ED0F08 /* MovieListing */ = {
			isa = PBXGroup;
			children = (
				AC4645C5251D7A7200ED0F08 /* View */,
				AC4645C2251D713900ED0F08 /* Controller */,
			);
			path = MovieListing;
			sourceTree = "<group>";
		};
		AC4645C2251D713900ED0F08 /* Controller */ = {
			isa = PBXGroup;
			children = (
				AC4645C3251D719D00ED0F08 /* MoviesTableViewController.swift */,
			);
			path = Controller;
			sourceTree = "<group>";
		};
		AC4645C5251D7A7200ED0F08 /* View */ = {
			isa = PBXGroup;
			children = (
				AC4645C6251D7AA600ED0F08 /* MovieTableViewCell.swift */,
			);
			path = View;
			sourceTree = "<group>";
		};
		AC4645C8251D7D3800ED0F08 /* Extensions */ = {
			isa = PBXGroup;
			children = (
				AC4645C9251D7D8900ED0F08 /* Movie+RatingFormatted.swift */,
				AC0F72C2251F92C200B4E6F8 /* UIViewController+Context.swift */,
			);
			path = Extensions;
			sourceTree = "<group>";
		};
		ACDA2942251AB3580045C736 = {
			isa = PBXGroup;
			children = (
				ACDA294D251AB3580045C736 /* MoviesLib */,
				ACDA294C251AB3580045C736 /* Products */,
			);
			sourceTree = "<group>";
		};
		ACDA294C251AB3580045C736 /* Products */ = {
			isa = PBXGroup;
			children = (
				ACDA294B251AB3580045C736 /* MoviesLib.app */,
			);
			name = Products;
			sourceTree = "<group>";
		};
		ACDA294D251AB3580045C736 /* MoviesLib */ = {
			isa = PBXGroup;
			children = (
				AC0F72BE251F83AC00B4E6F8 /* MovieForm */,
				AC4645C8251D7D3800ED0F08 /* Extensions */,
				AC4645C1251D712500ED0F08 /* MovieListing */,
				AC4645B9251D556C00ED0F08 /* Files */,
				AC4645BA251D557F00ED0F08 /* Main */,
				AC4645BB251D559300ED0F08 /* MovieVisualization */,
				ACDA2954251AB3580045C736 /* Main.storyboard */,
				AC4645BD251D560800ED0F08 /* Supporting Files */,
			);
			path = MoviesLib;
			sourceTree = "<group>";
		};
/* End PBXGroup section */

/* Begin PBXNativeTarget section */
		ACDA294A251AB3580045C736 /* MoviesLib */ = {
			isa = PBXNativeTarget;
			buildConfigurationList = ACDA295F251AB35F0045C736 /* Build configuration list for PBXNativeTarget "MoviesLib" */;
			buildPhases = (
				ACDA2947251AB3580045C736 /* Sources */,
				ACDA2948251AB3580045C736 /* Frameworks */,
				ACDA2949251AB3580045C736 /* Resources */,
			);
			buildRules = (
			);
			dependencies = (
			);
			name = MoviesLib;
			productName = MoviesLib;
			productReference = ACDA294B251AB3580045C736 /* MoviesLib.app */;
			productType = "com.apple.product-type.application";
		};
/* End PBXNativeTarget section */

/* Begin PBXProject section */
		ACDA2943251AB3580045C736 /* Project object */ = {
			isa = PBXProject;
			attributes = {
				LastSwiftUpdateCheck = 1130;
				LastUpgradeCheck = 1130;
				ORGANIZATIONNAME = FIAP;
				TargetAttributes = {
					ACDA294A251AB3580045C736 = {
						CreatedOnToolsVersion = 11.3.1;
					};
				};
			};
			buildConfigurationList = ACDA2946251AB3580045C736 /* Build configuration list for PBXProject "MoviesLib" */;
			compatibilityVersion = "Xcode 9.3";
			developmentRegion = en;
			hasScannedForEncodings = 0;
			knownRegions = (
				en,
				Base,
			);
			mainGroup = ACDA2942251AB3580045C736;
			productRefGroup = ACDA294C251AB3580045C736 /* Products */;
			projectDirPath = "";
			projectRoot = "";
			targets = (
				ACDA294A251AB3580045C736 /* MoviesLib */,
			);
		};
/* End PBXProject section */

/* Begin PBXResourcesBuildPhase section */
		ACDA2949251AB3580045C736 /* Resources */ = {
			isa = PBXResourcesBuildPhase;
			buildActionMask = 2147483647;
			files = (
				ACDA295B251AB35F0045C736 /* LaunchScreen.storyboard in Resources */,
				ACDA2958251AB35F0045C736 /* Assets.xcassets in Resources */,
				AC4645B7251D53B500ED0F08 /* movies.json in Resources */,
				ACDA2956251AB3580045C736 /* Main.storyboard in Resources */,
			);
			runOnlyForDeploymentPostprocessing = 0;
		};
/* End PBXResourcesBuildPhase section */

/* Begin PBXSourcesBuildPhase section */
		ACDA2947251AB3580045C736 /* Sources */ = {
			isa = PBXSourcesBuildPhase;
			buildActionMask = 2147483647;
			files = (
				AC0F72BD251F63DB00B4E6F8 /* MoviesLib.xcdatamodeld in Sources */,
				AC4645C7251D7AA600ED0F08 /* MovieTableViewCell.swift in Sources */,
				AC0F72C3251F92C300B4E6F8 /* UIViewController+Context.swift in Sources */,
				AC4645C4251D719D00ED0F08 /* MoviesTableViewController.swift in Sources */,
				AC0F72C1251F83E000B4E6F8 /* MovieFormViewController.swift in Sources */,
				AC4645CA251D7D8900ED0F08 /* Movie+RatingFormatted.swift in Sources */,
				ACDA2953251AB3580045C736 /* MovieViewController.swift in Sources */,
				ACDA294F251AB3580045C736 /* AppDelegate.swift in Sources */,
				AC4645C0251D5C8100ED0F08 /* Movies.swift in Sources */,
			);
			runOnlyForDeploymentPostprocessing = 0;
		};
/* End PBXSourcesBuildPhase section */

/* Begin PBXVariantGroup section */
		ACDA2954251AB3580045C736 /* Main.storyboard */ = {
			isa = PBXVariantGroup;
			children = (
				ACDA2955251AB3580045C736 /* Base */,
			);
			name = Main.storyboard;
			sourceTree = "<group>";
		};
		ACDA2959251AB35F0045C736 /* LaunchScreen.storyboard */ = {
			isa = PBXVariantGroup;
			children = (
				ACDA295A251AB35F0045C736 /* Base */,
			);
			name = LaunchScreen.storyboard;
			sourceTree = "<group>";
		};
/* End PBXVariantGroup section */

/* Begin XCBuildConfiguration section */
		ACDA295D251AB35F0045C736 /* Debug */ = {
			isa = XCBuildConfiguration;
			buildSettings = {
				ALWAYS_SEARCH_USER_PATHS = NO;
				CLANG_ANALYZER_NONNULL = YES;
				CLANG_ANALYZER_NUMBER_OBJECT_CONVERSION = YES_AGGRESSIVE;
				CLANG_CXX_LANGUAGE_STANDARD = "gnu++14";
				CLANG_CXX_LIBRARY = "libc++";
				CLANG_ENABLE_MODULES = YES;
				CLANG_ENABLE_OBJC_ARC = YES;
				CLANG_ENABLE_OBJC_WEAK = YES;
				CLANG_WARN_BLOCK_CAPTURE_AUTORELEASING = YES;
				CLANG_WARN_BOOL_CONVERSION = YES;
				CLANG_WARN_COMMA = YES;
				CLANG_WARN_CONSTANT_CONVERSION = YES;
				CLANG_WARN_DEPRECATED_OBJC_IMPLEMENTATIONS = YES;
				CLANG_WARN_DIRECT_OBJC_ISA_USAGE = YES_ERROR;
				CLANG_WARN_DOCUMENTATION_COMMENTS = YES;
				CLANG_WARN_EMPTY_BODY = YES;
				CLANG_WARN_ENUM_CONVERSION = YES;
				CLANG_WARN_INFINITE_RECURSION = YES;
				CLANG_WARN_INT_CONVERSION = YES;
				CLANG_WARN_NON_LITERAL_NULL_CONVERSION = YES;
				CLANG_WARN_OBJC_IMPLICIT_RETAIN_SELF = YES;
				CLANG_WARN_OBJC_LITERAL_CONVERSION = YES;
				CLANG_WARN_OBJC_ROOT_CLASS = YES_ERROR;
				CLANG_WARN_RANGE_LOOP_ANALYSIS = YES;
				CLANG_WARN_STRICT_PROTOTYPES = YES;
				CLANG_WARN_SUSPICIOUS_MOVE = YES;
				CLANG_WARN_UNGUARDED_AVAILABILITY = YES_AGGRESSIVE;
				CLANG_WARN_UNREACHABLE_CODE = YES;
				CLANG_WARN__DUPLICATE_METHOD_MATCH = YES;
				COPY_PHASE_STRIP = NO;
				DEBUG_INFORMATION_FORMAT = dwarf;
				ENABLE_STRICT_OBJC_MSGSEND = YES;
				ENABLE_TESTABILITY = YES;
				GCC_C_LANGUAGE_STANDARD = gnu11;
				GCC_DYNAMIC_NO_PIC = NO;
				GCC_NO_COMMON_BLOCKS = YES;
				GCC_OPTIMIZATION_LEVEL = 0;
				GCC_PREPROCESSOR_DEFINITIONS = (
					"DEBUG=1",
					"$(inherited)",
				);
				GCC_WARN_64_TO_32_BIT_CONVERSION = YES;
				GCC_WARN_ABOUT_RETURN_TYPE = YES_ERROR;
				GCC_WARN_UNDECLARED_SELECTOR = YES;
				GCC_WARN_UNINITIALIZED_AUTOS = YES_AGGRESSIVE;
				GCC_WARN_UNUSED_FUNCTION = YES;
				GCC_WARN_UNUSED_VARIABLE = YES;
				IPHONEOS_DEPLOYMENT_TARGET = 13.2;
				MTL_ENABLE_DEBUG_INFO = INCLUDE_SOURCE;
				MTL_FAST_MATH = YES;
				ONLY_ACTIVE_ARCH = YES;
				SDKROOT = iphoneos;
				SWIFT_ACTIVE_COMPILATION_CONDITIONS = DEBUG;
				SWIFT_OPTIMIZATION_LEVEL = "-Onone";
			};
			name = Debug;
		};
		ACDA295E251AB35F0045C736 /* Release */ = {
			isa = XCBuildConfiguration;
			buildSettings = {
				ALWAYS_SEARCH_USER_PATHS = NO;
				CLANG_ANALYZER_NONNULL = YES;
				CLANG_ANALYZER_NUMBER_OBJECT_CONVERSION = YES_AGGRESSIVE;
				CLANG_CXX_LANGUAGE_STANDARD = "gnu++14";
				CLANG_CXX_LIBRARY = "libc++";
				CLANG_ENABLE_MODULES = YES;
				CLANG_ENABLE_OBJC_ARC = YES;
				CLANG_ENABLE_OBJC_WEAK = YES;
				CLANG_WARN_BLOCK_CAPTURE_AUTORELEASING = YES;
				CLANG_WARN_BOOL_CONVERSION = YES;
				CLANG_WARN_COMMA = YES;
				CLANG_WARN_CONSTANT_CONVERSION = YES;
				CLANG_WARN_DEPRECATED_OBJC_IMPLEMENTATIONS = YES;
				CLANG_WARN_DIRECT_OBJC_ISA_USAGE = YES_ERROR;
				CLANG_WARN_DOCUMENTATION_COMMENTS = YES;
				CLANG_WARN_EMPTY_BODY = YES;
				CLANG_WARN_ENUM_CONVERSION = YES;
				CLANG_WARN_INFINITE_RECURSION = YES;
				CLANG_WARN_INT_CONVERSION = YES;
				CLANG_WARN_NON_LITERAL_NULL_CONVERSION = YES;
				CLANG_WARN_OBJC_IMPLICIT_RETAIN_SELF = YES;
				CLANG_WARN_OBJC_LITERAL_CONVERSION = YES;
				CLANG_WARN_OBJC_ROOT_CLASS = YES_ERROR;
				CLANG_WARN_RANGE_LOOP_ANALYSIS = YES;
				CLANG_WARN_STRICT_PROTOTYPES = YES;
				CLANG_WARN_SUSPICIOUS_MOVE = YES;
				CLANG_WARN_UNGUARDED_AVAILABILITY = YES_AGGRESSIVE;
				CLANG_WARN_UNREACHABLE_CODE = YES;
				CLANG_WARN__DUPLICATE_METHOD_MATCH = YES;
				COPY_PHASE_STRIP = NO;
				DEBUG_INFORMATION_FORMAT = "dwarf-with-dsym";
				ENABLE_NS_ASSERTIONS = NO;
				ENABLE_STRICT_OBJC_MSGSEND = YES;
				GCC_C_LANGUAGE_STANDARD = gnu11;
				GCC_NO_COMMON_BLOCKS = YES;
				GCC_WARN_64_TO_32_BIT_CONVERSION = YES;
				GCC_WARN_ABOUT_RETURN_TYPE = YES_ERROR;
				GCC_WARN_UNDECLARED_SELECTOR = YES;
				GCC_WARN_UNINITIALIZED_AUTOS = YES_AGGRESSIVE;
				GCC_WARN_UNUSED_FUNCTION = YES;
				GCC_WARN_UNUSED_VARIABLE = YES;
				IPHONEOS_DEPLOYMENT_TARGET = 13.2;
				MTL_ENABLE_DEBUG_INFO = NO;
				MTL_FAST_MATH = YES;
				SDKROOT = iphoneos;
				SWIFT_COMPILATION_MODE = wholemodule;
				SWIFT_OPTIMIZATION_LEVEL = "-O";
				VALIDATE_PRODUCT = YES;
			};
			name = Release;
		};
		ACDA2960251AB35F0045C736 /* Debug */ = {
			isa = XCBuildConfiguration;
			buildSettings = {
				ASSETCATALOG_COMPILER_APPICON_NAME = "AppIcon-1";
				CODE_SIGN_STYLE = Automatic;
				INFOPLIST_FILE = "MoviesLib/Supporting Files/Info.plist";
				LD_RUNPATH_SEARCH_PATHS = (
					"$(inherited)",
					"@executable_path/Frameworks",
				);
				PRODUCT_BUNDLE_IDENTIFIER = br.com.fiap.MoviesLib;
				PRODUCT_NAME = "$(TARGET_NAME)";
				SWIFT_VERSION = 5.0;
				TARGETED_DEVICE_FAMILY = "1,2";
			};
			name = Debug;
		};
		ACDA2961251AB35F0045C736 /* Release */ = {
			isa = XCBuildConfiguration;
			buildSettings = {
				ASSETCATALOG_COMPILER_APPICON_NAME = "AppIcon-1";
				CODE_SIGN_STYLE = Automatic;
				INFOPLIST_FILE = "MoviesLib/Supporting Files/Info.plist";
				LD_RUNPATH_SEARCH_PATHS = (
					"$(inherited)",
					"@executable_path/Frameworks",
				);
				PRODUCT_BUNDLE_IDENTIFIER = br.com.fiap.MoviesLib;
				PRODUCT_NAME = "$(TARGET_NAME)";
				SWIFT_VERSION = 5.0;
				TARGETED_DEVICE_FAMILY = "1,2";
			};
			name = Release;
		};
/* End XCBuildConfiguration section */

/* Begin XCConfigurationList section */
		ACDA2946251AB3580045C736 /* Build configuration list for PBXProject "MoviesLib" */ = {
			isa = XCConfigurationList;
			buildConfigurations = (
				ACDA295D251AB35F0045C736 /* Debug */,
				ACDA295E251AB35F0045C736 /* Release */,
			);
			defaultConfigurationIsVisible = 0;
			defaultConfigurationName = Release;
		};
		ACDA295F251AB35F0045C736 /* Build configuration list for PBXNativeTarget "MoviesLib" */ = {
			isa = XCConfigurationList;
			buildConfigurations = (
				ACDA2960251AB35F0045C736 /* Debug */,
				ACDA2961251AB35F0045C736 /* Release */,
			);
			defaultConfigurationIsVisible = 0;
			defaultConfigurationName = Release;
		};
/* End XCConfigurationList section */

/* Begin XCVersionGroup section */
		AC0F72BA251F63DB00B4E6F8 /* MoviesLib.xcdatamodeld */ = {
			isa = XCVersionGroup;
			children = (
				AC0F72BB251F63DB00B4E6F8 /* MoviesLib.xcdatamodel */,
				AC0F72BC251F63DB00B4E6F8 /* Model.xcdatamodel */,
			);
			currentVersion = AC0F72BB251F63DB00B4E6F8 /* MoviesLib.xcdatamodel */;
			path = MoviesLib.xcdatamodeld;
			sourceTree = "<group>";
			versionGroupType = wrapper.xcdatamodel;
		};
/* End XCVersionGroup section */
	};
	rootObject = ACDA2943251AB3580045C736 /* Project object */;
}
